
Microsoft Visual Studio Solution File, Format Version 12.00
# Visual Studio Version 17
VisualStudioVersion = 17.14.36414.22 d17.14
MinimumVisualStudioVersion = 10.0.40219.1
Project("{FAE04EC0-301F-11D3-BF4B-00C04F79EFBC}") = "CH03", "CH03\CH03.csproj", "{D23B2E90-041C-4E42-B859-72A4EA1FAC7F}"
EndProject
Global
	GlobalSection(SolutionConfigurationPlatforms) = preSolution
		Debug|Any CPU = Debug|Any CPU
		Release|Any CPU = Release|Any CPU
	EndGlobalSection
	GlobalSection(ProjectConfigurationPlatforms) = postSolution
		{D23B2E90-041C-4E42-B859-72A4EA1FAC7F}.Debug|Any CPU.ActiveCfg = Debug|Any CPU
		{D23B2E90-041C-4E42-B859-72A4EA1FAC7F}.Debug|Any CPU.Build.0 = Debug|Any CPU
		{D23B2E90-041C-4E42-B859-72A4EA1FAC7F}.Release|Any CPU.ActiveCfg = Release|Any CPU
		{D23B2E90-041C-4E42-B859-72A4EA1FAC7F}.Release|Any CPU.Build.0 = Release|Any CPU
	EndGlobalSection
	GlobalSection(SolutionProperties) = preSolution
		HideSolutionNode = FALSE
	EndGlobalSection
	GlobalSection(ExtensibilityGlobals) = postSolution
		SolutionGuid = {86300592-58A1-4A07-8A39-13B6522B947D}
	EndGlobalSection
EndGlobal
