
Microsoft Visual Studio Solution File, Format Version 12.00
# Visual Studio Version 17
VisualStudioVersion = 17.14.36511.14 d17.14
MinimumVisualStudioVersion = 10.0.40219.1
Project("{FAE04EC0-301F-11D3-BF4B-00C04F79EFBC}") = "CH06", "CH06\CH06.csproj", "{BDF76B5C-CC57-48A1-AC75-EA6D9AD8BE8D}"
EndProject
Global
	GlobalSection(SolutionConfigurationPlatforms) = preSolution
		Debug|Any CPU = Debug|Any CPU
		Release|Any CPU = Release|Any CPU
	EndGlobalSection
	GlobalSection(ProjectConfigurationPlatforms) = postSolution
		{BDF76B5C-CC57-48A1-AC75-EA6D9AD8BE8D}.Debug|Any CPU.ActiveCfg = Debug|Any CPU
		{BDF76B5C-CC57-48A1-AC75-EA6D9AD8BE8D}.Debug|Any CPU.Build.0 = Debug|Any CPU
		{BDF76B5C-CC57-48A1-AC75-EA6D9AD8BE8D}.Release|Any CPU.ActiveCfg = Release|Any CPU
		{BDF76B5C-CC57-48A1-AC75-EA6D9AD8BE8D}.Release|Any CPU.Build.0 = Release|Any CPU
	EndGlobalSection
	GlobalSection(SolutionProperties) = preSolution
		HideSolutionNode = FALSE
	EndGlobalSection
	GlobalSection(ExtensibilityGlobals) = postSolution
		SolutionGuid = {1744DEF3-CBF2-40E9-A5AF-558210CB39C1}
	EndGlobalSection
EndGlobal
